// !$*UTF8*$!
{
	archiveVersion = 1;
	classes = {
	};
	objectVersion = 50;
	objects = {

/* Begin PBXBuildFile section */
		CF1F9D8922A9FF5B0076CDC8 /* AppDelegate.swift in Sources */ = {isa = PBXBuildFile; fileRef = CF1F9D8822A9FF5B0076CDC8 /* AppDelegate.swift */; };
		CF1F9D8B22A9FF5B0076CDC8 /* ViewController.swift in Sources */ = {isa = PBXBuildFile; fileRef = CF1F9D8A22A9FF5B0076CDC8 /* ViewController.swift */; };
		CF1F9D8E22A9FF5B0076CDC8 /* Main.storyboard in Resources */ = {isa = PBXBuildFile; fileRef = CF1F9D8C22A9FF5B0076CDC8 /* Main.storyboard */; };
		CF1F9D9022A9FF5D0076CDC8 /* Assets.xcassets in Resources */ = {isa = PBXBuildFile; fileRef = CF1F9D8F22A9FF5D0076CDC8 /* Assets.xcassets */; };
		CF1F9D9322A9FF5D0076CDC8 /* LaunchScreen.storyboard in Resources */ = {isa = PBXBuildFile; fileRef = CF1F9D9122A9FF5D0076CDC8 /* LaunchScreen.storyboard */; };
		CF1F9DA722AA05310076CDC8 /* HTTPMethod.swift in Sources */ = {isa = PBXBuildFile; fileRef = CF1F9DA622AA05310076CDC8 /* HTTPMethod.swift */; };
		CF1F9DA922AA055F0076CDC8 /* NetworkError.swift in Sources */ = {isa = PBXBuildFile; fileRef = CF1F9DA822AA055F0076CDC8 /* NetworkError.swift */; };
		CF1F9DAB22AA057A0076CDC8 /* Result.swift in Sources */ = {isa = PBXBuildFile; fileRef = CF1F9DAA22AA057A0076CDC8 /* Result.swift */; };
		CF1F9DAD22AA05BA0076CDC8 /* EndPointProtocol.swift in Sources */ = {isa = PBXBuildFile; fileRef = CF1F9DAC22AA05BA0076CDC8 /* EndPointProtocol.swift */; };
		CF1F9DAF22AA05D10076CDC8 /* ProviderProtocol.swift in Sources */ = {isa = PBXBuildFile; fileRef = CF1F9DAE22AA05D10076CDC8 /* ProviderProtocol.swift */; };
		CF1F9DB122AA05EE0076CDC8 /* URLEncoder.swift in Sources */ = {isa = PBXBuildFile; fileRef = CF1F9DB022AA05EE0076CDC8 /* URLEncoder.swift */; };
		CF1F9DB322AA062C0076CDC8 /* URLSessionProtocol.swift in Sources */ = {isa = PBXBuildFile; fileRef = CF1F9DB222AA062C0076CDC8 /* URLSessionProtocol.swift */; };
		CF1F9DB522AA06470076CDC8 /* URLComponentExtension.swift in Sources */ = {isa = PBXBuildFile; fileRef = CF1F9DB422AA06470076CDC8 /* URLComponentExtension.swift */; };
		CF1F9DB722AA066D0076CDC8 /* URLRequestExtension.swift in Sources */ = {isa = PBXBuildFile; fileRef = CF1F9DB622AA066D0076CDC8 /* URLRequestExtension.swift */; };
		CF1F9DB922AA06960076CDC8 /* URLSessionHandler.swift in Sources */ = {isa = PBXBuildFile; fileRef = CF1F9DB822AA06960076CDC8 /* URLSessionHandler.swift */; };
		CF1F9DC322AA16200076CDC8 /* GroceryRequest.swift in Sources */ = {isa = PBXBuildFile; fileRef = CF1F9DC222AA16200076CDC8 /* GroceryRequest.swift */; };
		CF1F9DC922AA23360076CDC8 /* GroceryData.swift in Sources */ = {isa = PBXBuildFile; fileRef = CF1F9DC822AA23360076CDC8 /* GroceryData.swift */; };
		CF1F9DCB22AA23F40076CDC8 /* GroceriesListRemoteDataStore.swift in Sources */ = {isa = PBXBuildFile; fileRef = CF1F9DCA22AA23F40076CDC8 /* GroceriesListRemoteDataStore.swift */; };
/* End PBXBuildFile section */

/* Begin PBXFileReference section */
		CF1F9D8522A9FF5B0076CDC8 /* TheFoodery.app */ = {isa = PBXFileReference; explicitFileType = wrapper.application; includeInIndex = 0; path = TheFoodery.app; sourceTree = BUILT_PRODUCTS_DIR; };
		CF1F9D8822A9FF5B0076CDC8 /* AppDelegate.swift */ = {isa = PBXFileReference; lastKnownFileType = sourcecode.swift; path = AppDelegate.swift; sourceTree = "<group>"; };
		CF1F9D8A22A9FF5B0076CDC8 /* ViewController.swift */ = {isa = PBXFileReference; lastKnownFileType = sourcecode.swift; path = ViewController.swift; sourceTree = "<group>"; };
		CF1F9D8D22A9FF5B0076CDC8 /* Base */ = {isa = PBXFileReference; lastKnownFileType = file.storyboard; name = Base; path = Base.lproj/Main.storyboard; sourceTree = "<group>"; };
		CF1F9D8F22A9FF5D0076CDC8 /* Assets.xcassets */ = {isa = PBXFileReference; lastKnownFileType = folder.assetcatalog; path = Assets.xcassets; sourceTree = "<group>"; };
		CF1F9D9222A9FF5D0076CDC8 /* Base */ = {isa = PBXFileReference; lastKnownFileType = file.storyboard; name = Base; path = Base.lproj/LaunchScreen.storyboard; sourceTree = "<group>"; };
		CF1F9D9422A9FF5D0076CDC8 /* Info.plist */ = {isa = PBXFileReference; lastKnownFileType = text.plist.xml; path = Info.plist; sourceTree = "<group>"; };
		CF1F9DA622AA05310076CDC8 /* HTTPMethod.swift */ = {isa = PBXFileReference; lastKnownFileType = sourcecode.swift; path = HTTPMethod.swift; sourceTree = "<group>"; };
		CF1F9DA822AA055F0076CDC8 /* NetworkError.swift */ = {isa = PBXFileReference; lastKnownFileType = sourcecode.swift; path = NetworkError.swift; sourceTree = "<group>"; };
		CF1F9DAA22AA057A0076CDC8 /* Result.swift */ = {isa = PBXFileReference; lastKnownFileType = sourcecode.swift; path = Result.swift; sourceTree = "<group>"; };
		CF1F9DAC22AA05BA0076CDC8 /* EndPointProtocol.swift */ = {isa = PBXFileReference; lastKnownFileType = sourcecode.swift; path = EndPointProtocol.swift; sourceTree = "<group>"; };
		CF1F9DAE22AA05D10076CDC8 /* ProviderProtocol.swift */ = {isa = PBXFileReference; lastKnownFileType = sourcecode.swift; path = ProviderProtocol.swift; sourceTree = "<group>"; };
		CF1F9DB022AA05EE0076CDC8 /* URLEncoder.swift */ = {isa = PBXFileReference; lastKnownFileType = sourcecode.swift; path = URLEncoder.swift; sourceTree = "<group>"; };
		CF1F9DB222AA062C0076CDC8 /* URLSessionProtocol.swift */ = {isa = PBXFileReference; lastKnownFileType = sourcecode.swift; path = URLSessionProtocol.swift; sourceTree = "<group>"; };
		CF1F9DB422AA06470076CDC8 /* URLComponentExtension.swift */ = {isa = PBXFileReference; lastKnownFileType = sourcecode.swift; path = URLComponentExtension.swift; sourceTree = "<group>"; };
		CF1F9DB622AA066D0076CDC8 /* URLRequestExtension.swift */ = {isa = PBXFileReference; lastKnownFileType = sourcecode.swift; path = URLRequestExtension.swift; sourceTree = "<group>"; };
		CF1F9DB822AA06960076CDC8 /* URLSessionHandler.swift */ = {isa = PBXFileReference; lastKnownFileType = sourcecode.swift; path = URLSessionHandler.swift; sourceTree = "<group>"; };
		CF1F9DC222AA16200076CDC8 /* GroceryRequest.swift */ = {isa = PBXFileReference; lastKnownFileType = sourcecode.swift; path = GroceryRequest.swift; sourceTree = "<group>"; };
		CF1F9DC822AA23360076CDC8 /* GroceryData.swift */ = {isa = PBXFileReference; lastKnownFileType = sourcecode.swift; path = GroceryData.swift; sourceTree = "<group>"; };
		CF1F9DCA22AA23F40076CDC8 /* GroceriesListRemoteDataStore.swift */ = {isa = PBXFileReference; lastKnownFileType = sourcecode.swift; path = GroceriesListRemoteDataStore.swift; sourceTree = "<group>"; };
/* End PBXFileReference section */

/* Begin PBXFrameworksBuildPhase section */
		CF1F9D8222A9FF5B0076CDC8 /* Frameworks */ = {
			isa = PBXFrameworksBuildPhase;
			buildActionMask = 2147483647;
			files = (
			);
			runOnlyForDeploymentPostprocessing = 0;
		};
/* End PBXFrameworksBuildPhase section */

/* Begin PBXGroup section */
		CF1F9D7C22A9FF5B0076CDC8 = {
			isa = PBXGroup;
			children = (
				CF1F9D8722A9FF5B0076CDC8 /* TheFoodery */,
				CF1F9D8622A9FF5B0076CDC8 /* Products */,
			);
			sourceTree = "<group>";
		};
		CF1F9D8622A9FF5B0076CDC8 /* Products */ = {
			isa = PBXGroup;
			children = (
				CF1F9D8522A9FF5B0076CDC8 /* TheFoodery.app */,
			);
			name = Products;
			sourceTree = "<group>";
		};
		CF1F9D8722A9FF5B0076CDC8 /* TheFoodery */ = {
			isa = PBXGroup;
			children = (
				CF1F9DBA22AA075D0076CDC8 /* Grocery List Scene */,
				CF1F9DA222AA04BE0076CDC8 /* Network Layer */,
				CF1F9D8822A9FF5B0076CDC8 /* AppDelegate.swift */,
				CF1F9D8A22A9FF5B0076CDC8 /* ViewController.swift */,
				CF1F9D8C22A9FF5B0076CDC8 /* Main.storyboard */,
				CF1F9D8F22A9FF5D0076CDC8 /* Assets.xcassets */,
				CF1F9D9122A9FF5D0076CDC8 /* LaunchScreen.storyboard */,
				CF1F9D9422A9FF5D0076CDC8 /* Info.plist */,
			);
			path = TheFoodery;
			sourceTree = "<group>";
		};
		CF1F9DA222AA04BE0076CDC8 /* Network Layer */ = {
			isa = PBXGroup;
			children = (
				CF1F9DB822AA06960076CDC8 /* URLSessionHandler.swift */,
				CF1F9DBF22AA075D0076CDC8 /* Request */,
				CF1F9DA322AA04BE0076CDC8 /* Enums */,
				CF1F9DA422AA04BE0076CDC8 /* Extensions */,
				CF1F9DA522AA04BE0076CDC8 /* Protocols */,
			);
			path = "Network Layer";
			sourceTree = "<group>";
		};
		CF1F9DA322AA04BE0076CDC8 /* Enums */ = {
			isa = PBXGroup;
			children = (
				CF1F9DA622AA05310076CDC8 /* HTTPMethod.swift */,
				CF1F9DA822AA055F0076CDC8 /* NetworkError.swift */,
				CF1F9DAA22AA057A0076CDC8 /* Result.swift */,
			);
			path = Enums;
			sourceTree = "<group>";
		};
		CF1F9DA422AA04BE0076CDC8 /* Extensions */ = {
			isa = PBXGroup;
			children = (
				CF1F9DB422AA06470076CDC8 /* URLComponentExtension.swift */,
				CF1F9DB622AA066D0076CDC8 /* URLRequestExtension.swift */,
			);
			path = Extensions;
			sourceTree = "<group>";
		};
		CF1F9DA522AA04BE0076CDC8 /* Protocols */ = {
			isa = PBXGroup;
			children = (
				CF1F9DAC22AA05BA0076CDC8 /* EndPointProtocol.swift */,
				CF1F9DAE22AA05D10076CDC8 /* ProviderProtocol.swift */,
				CF1F9DB022AA05EE0076CDC8 /* URLEncoder.swift */,
				CF1F9DB222AA062C0076CDC8 /* URLSessionProtocol.swift */,
			);
			path = Protocols;
			sourceTree = "<group>";
		};
		CF1F9DBA22AA075D0076CDC8 /* Grocery List Scene */ = {
			isa = PBXGroup;
			children = (
				CF1F9DBB22AA075D0076CDC8 /* CustomViews */,
				CF1F9DBC22AA075D0076CDC8 /* DataStore */,
				CF1F9DBD22AA075D0076CDC8 /* Models */,
				CF1F9DBE22AA075D0076CDC8 /* Presenter */,
				CF1F9DC022AA075D0076CDC8 /* UseCase */,
				CF1F9DC122AA075D0076CDC8 /* ViewController */,
			);
			path = "Grocery List Scene";
			sourceTree = "<group>";
		};
		CF1F9DBB22AA075D0076CDC8 /* CustomViews */ = {
			isa = PBXGroup;
			children = (
			);
			path = CustomViews;
			sourceTree = "<group>";
		};
		CF1F9DBC22AA075D0076CDC8 /* DataStore */ = {
			isa = PBXGroup;
			children = (
				CF1F9DCA22AA23F40076CDC8 /* GroceriesListRemoteDataStore.swift */,
			);
			path = DataStore;
			sourceTree = "<group>";
		};
		CF1F9DBD22AA075D0076CDC8 /* Models */ = {
			isa = PBXGroup;
			children = (
				CF1F9DC822AA23360076CDC8 /* GroceryData.swift */,
			);
			path = Models;
			sourceTree = "<group>";
		};
		CF1F9DBE22AA075D0076CDC8 /* Presenter */ = {
			isa = PBXGroup;
			children = (
			);
			path = Presenter;
			sourceTree = "<group>";
		};
		CF1F9DBF22AA075D0076CDC8 /* Request */ = {
			isa = PBXGroup;
			children = (
				CF1F9DC222AA16200076CDC8 /* GroceryRequest.swift */,
			);
			path = Request;
			sourceTree = "<group>";
		};
		CF1F9DC022AA075D0076CDC8 /* UseCase */ = {
			isa = PBXGroup;
			children = (
			);
			path = UseCase;
			sourceTree = "<group>";
		};
		CF1F9DC122AA075D0076CDC8 /* ViewController */ = {
			isa = PBXGroup;
			children = (
			);
			path = ViewController;
			sourceTree = "<group>";
		};
/* End PBXGroup section */

/* Begin PBXNativeTarget section */
		CF1F9D8422A9FF5B0076CDC8 /* TheFoodery */ = {
			isa = PBXNativeTarget;
			buildConfigurationList = CF1F9D9722A9FF5D0076CDC8 /* Build configuration list for PBXNativeTarget "TheFoodery" */;
			buildPhases = (
				CF1F9D8122A9FF5B0076CDC8 /* Sources */,
				CF1F9D8222A9FF5B0076CDC8 /* Frameworks */,
				CF1F9D8322A9FF5B0076CDC8 /* Resources */,
			);
			buildRules = (
			);
			dependencies = (
			);
			name = TheFoodery;
			productName = TheFoodery;
			productReference = CF1F9D8522A9FF5B0076CDC8 /* TheFoodery.app */;
			productType = "com.apple.product-type.application";
		};
/* End PBXNativeTarget section */

/* Begin PBXProject section */
		CF1F9D7D22A9FF5B0076CDC8 /* Project object */ = {
			isa = PBXProject;
			attributes = {
				LastSwiftUpdateCheck = 1010;
				LastUpgradeCheck = 1010;
				ORGANIZATIONNAME = "Sana Elshazly";
				TargetAttributes = {
					CF1F9D8422A9FF5B0076CDC8 = {
						CreatedOnToolsVersion = 10.1;
					};
				};
			};
			buildConfigurationList = CF1F9D8022A9FF5B0076CDC8 /* Build configuration list for PBXProject "TheFoodery" */;
			compatibilityVersion = "Xcode 9.3";
			developmentRegion = en;
			hasScannedForEncodings = 0;
			knownRegions = (
				en,
				Base,
			);
			mainGroup = CF1F9D7C22A9FF5B0076CDC8;
			productRefGroup = CF1F9D8622A9FF5B0076CDC8 /* Products */;
			projectDirPath = "";
			projectRoot = "";
			targets = (
				CF1F9D8422A9FF5B0076CDC8 /* TheFoodery */,
			);
		};
/* End PBXProject section */

/* Begin PBXResourcesBuildPhase section */
		CF1F9D8322A9FF5B0076CDC8 /* Resources */ = {
			isa = PBXResourcesBuildPhase;
			buildActionMask = 2147483647;
			files = (
				CF1F9D9322A9FF5D0076CDC8 /* LaunchScreen.storyboard in Resources */,
				CF1F9D9022A9FF5D0076CDC8 /* Assets.xcassets in Resources */,
				CF1F9D8E22A9FF5B0076CDC8 /* Main.storyboard in Resources */,
			);
			runOnlyForDeploymentPostprocessing = 0;
		};
/* End PBXResourcesBuildPhase section */

/* Begin PBXSourcesBuildPhase section */
		CF1F9D8122A9FF5B0076CDC8 /* Sources */ = {
			isa = PBXSourcesBuildPhase;
			buildActionMask = 2147483647;
			files = (
				CF1F9DB322AA062C0076CDC8 /* URLSessionProtocol.swift in Sources */,
				CF1F9DB522AA06470076CDC8 /* URLComponentExtension.swift in Sources */,
				CF1F9D8B22A9FF5B0076CDC8 /* ViewController.swift in Sources */,
				CF1F9DAB22AA057A0076CDC8 /* Result.swift in Sources */,
				CF1F9DAD22AA05BA0076CDC8 /* EndPointProtocol.swift in Sources */,
				CF1F9DCB22AA23F40076CDC8 /* GroceriesListRemoteDataStore.swift in Sources */,
				CF1F9DA922AA055F0076CDC8 /* NetworkError.swift in Sources */,
				CF1F9D8922A9FF5B0076CDC8 /* AppDelegate.swift in Sources */,
				CF1F9DA722AA05310076CDC8 /* HTTPMethod.swift in Sources */,
				CF1F9DB122AA05EE0076CDC8 /* URLEncoder.swift in Sources */,
				CF1F9DC322AA16200076CDC8 /* GroceryRequest.swift in Sources */,
				CF1F9DB722AA066D0076CDC8 /* URLRequestExtension.swift in Sources */,
				CF1F9DAF22AA05D10076CDC8 /* ProviderProtocol.swift in Sources */,
				CF1F9DB922AA06960076CDC8 /* URLSessionHandler.swift in Sources */,
				CF1F9DC922AA23360076CDC8 /* GroceryData.swift in Sources */,
			);
			runOnlyForDeploymentPostprocessing = 0;
		};
/* End PBXSourcesBuildPhase section */

/* Begin PBXVariantGroup section */
		CF1F9D8C22A9FF5B0076CDC8 /* Main.storyboard */ = {
			isa = PBXVariantGroup;
			children = (
				CF1F9D8D22A9FF5B0076CDC8 /* Base */,
			);
			name = Main.storyboard;
			sourceTree = "<group>";
		};
		CF1F9D9122A9FF5D0076CDC8 /* LaunchScreen.storyboard */ = {
			isa = PBXVariantGroup;
			children = (
				CF1F9D9222A9FF5D0076CDC8 /* Base */,
			);
			name = LaunchScreen.storyboard;
			sourceTree = "<group>";
		};
/* End PBXVariantGroup section */

/* Begin XCBuildConfiguration section */
		CF1F9D9522A9FF5D0076CDC8 /* Debug */ = {
			isa = XCBuildConfiguration;
			buildSettings = {
				ALWAYS_SEARCH_USER_PATHS = NO;
				CLANG_ANALYZER_NONNULL = YES;
				CLANG_ANALYZER_NUMBER_OBJECT_CONVERSION = YES_AGGRESSIVE;
				CLANG_CXX_LANGUAGE_STANDARD = "gnu++14";
				CLANG_CXX_LIBRARY = "libc++";
				CLANG_ENABLE_MODULES = YES;
				CLANG_ENABLE_OBJC_ARC = YES;
				CLANG_ENABLE_OBJC_WEAK = YES;
				CLANG_WARN_BLOCK_CAPTURE_AUTORELEASING = YES;
				CLANG_WARN_BOOL_CONVERSION = YES;
				CLANG_WARN_COMMA = YES;
				CLANG_WARN_CONSTANT_CONVERSION = YES;
				CLANG_WARN_DEPRECATED_OBJC_IMPLEMENTATIONS = YES;
				CLANG_WARN_DIRECT_OBJC_ISA_USAGE = YES_ERROR;
				CLANG_WARN_DOCUMENTATION_COMMENTS = YES;
				CLANG_WARN_EMPTY_BODY = YES;
				CLANG_WARN_ENUM_CONVERSION = YES;
				CLANG_WARN_INFINITE_RECURSION = YES;
				CLANG_WARN_INT_CONVERSION = YES;
				CLANG_WARN_NON_LITERAL_NULL_CONVERSION = YES;
				CLANG_WARN_OBJC_IMPLICIT_RETAIN_SELF = YES;
				CLANG_WARN_OBJC_LITERAL_CONVERSION = YES;
				CLANG_WARN_OBJC_ROOT_CLASS = YES_ERROR;
				CLANG_WARN_RANGE_LOOP_ANALYSIS = YES;
				CLANG_WARN_STRICT_PROTOTYPES = YES;
				CLANG_WARN_SUSPICIOUS_MOVE = YES;
				CLANG_WARN_UNGUARDED_AVAILABILITY = YES_AGGRESSIVE;
				CLANG_WARN_UNREACHABLE_CODE = YES;
				CLANG_WARN__DUPLICATE_METHOD_MATCH = YES;
				CODE_SIGN_IDENTITY = "iPhone Developer";
				COPY_PHASE_STRIP = NO;
				DEBUG_INFORMATION_FORMAT = dwarf;
				ENABLE_STRICT_OBJC_MSGSEND = YES;
				ENABLE_TESTABILITY = YES;
				GCC_C_LANGUAGE_STANDARD = gnu11;
				GCC_DYNAMIC_NO_PIC = NO;
				GCC_NO_COMMON_BLOCKS = YES;
				GCC_OPTIMIZATION_LEVEL = 0;
				GCC_PREPROCESSOR_DEFINITIONS = (
					"DEBUG=1",
					"$(inherited)",
				);
				GCC_WARN_64_TO_32_BIT_CONVERSION = YES;
				GCC_WARN_ABOUT_RETURN_TYPE = YES_ERROR;
				GCC_WARN_UNDECLARED_SELECTOR = YES;
				GCC_WARN_UNINITIALIZED_AUTOS = YES_AGGRESSIVE;
				GCC_WARN_UNUSED_FUNCTION = YES;
				GCC_WARN_UNUSED_VARIABLE = YES;
				IPHONEOS_DEPLOYMENT_TARGET = 12.1;
				MTL_ENABLE_DEBUG_INFO = INCLUDE_SOURCE;
				MTL_FAST_MATH = YES;
				ONLY_ACTIVE_ARCH = YES;
				SDKROOT = iphoneos;
				SWIFT_ACTIVE_COMPILATION_CONDITIONS = DEBUG;
				SWIFT_OPTIMIZATION_LEVEL = "-Onone";
			};
			name = Debug;
		};
		CF1F9D9622A9FF5D0076CDC8 /* Release */ = {
			isa = XCBuildConfiguration;
			buildSettings = {
				ALWAYS_SEARCH_USER_PATHS = NO;
				CLANG_ANALYZER_NONNULL = YES;
				CLANG_ANALYZER_NUMBER_OBJECT_CONVERSION = YES_AGGRESSIVE;
				CLANG_CXX_LANGUAGE_STANDARD = "gnu++14";
				CLANG_CXX_LIBRARY = "libc++";
				CLANG_ENABLE_MODULES = YES;
				CLANG_ENABLE_OBJC_ARC = YES;
				CLANG_ENABLE_OBJC_WEAK = YES;
				CLANG_WARN_BLOCK_CAPTURE_AUTORELEASING = YES;
				CLANG_WARN_BOOL_CONVERSION = YES;
				CLANG_WARN_COMMA = YES;
				CLANG_WARN_CONSTANT_CONVERSION = YES;
				CLANG_WARN_DEPRECATED_OBJC_IMPLEMENTATIONS = YES;
				CLANG_WARN_DIRECT_OBJC_ISA_USAGE = YES_ERROR;
				CLANG_WARN_DOCUMENTATION_COMMENTS = YES;
				CLANG_WARN_EMPTY_BODY = YES;
				CLANG_WARN_ENUM_CONVERSION = YES;
				CLANG_WARN_INFINITE_RECURSION = YES;
				CLANG_WARN_INT_CONVERSION = YES;
				CLANG_WARN_NON_LITERAL_NULL_CONVERSION = YES;
				CLANG_WARN_OBJC_IMPLICIT_RETAIN_SELF = YES;
				CLANG_WARN_OBJC_LITERAL_CONVERSION = YES;
				CLANG_WARN_OBJC_ROOT_CLASS = YES_ERROR;
				CLANG_WARN_RANGE_LOOP_ANALYSIS = YES;
				CLANG_WARN_STRICT_PROTOTYPES = YES;
				CLANG_WARN_SUSPICIOUS_MOVE = YES;
				CLANG_WARN_UNGUARDED_AVAILABILITY = YES_AGGRESSIVE;
				CLANG_WARN_UNREACHABLE_CODE = YES;
				CLANG_WARN__DUPLICATE_METHOD_MATCH = YES;
				CODE_SIGN_IDENTITY = "iPhone Developer";
				COPY_PHASE_STRIP = NO;
				DEBUG_INFORMATION_FORMAT = "dwarf-with-dsym";
				ENABLE_NS_ASSERTIONS = NO;
				ENABLE_STRICT_OBJC_MSGSEND = YES;
				GCC_C_LANGUAGE_STANDARD = gnu11;
				GCC_NO_COMMON_BLOCKS = YES;
				GCC_WARN_64_TO_32_BIT_CONVERSION = YES;
				GCC_WARN_ABOUT_RETURN_TYPE = YES_ERROR;
				GCC_WARN_UNDECLARED_SELECTOR = YES;
				GCC_WARN_UNINITIALIZED_AUTOS = YES_AGGRESSIVE;
				GCC_WARN_UNUSED_FUNCTION = YES;
				GCC_WARN_UNUSED_VARIABLE = YES;
				IPHONEOS_DEPLOYMENT_TARGET = 12.1;
				MTL_ENABLE_DEBUG_INFO = NO;
				MTL_FAST_MATH = YES;
				SDKROOT = iphoneos;
				SWIFT_COMPILATION_MODE = wholemodule;
				SWIFT_OPTIMIZATION_LEVEL = "-O";
				VALIDATE_PRODUCT = YES;
			};
			name = Release;
		};
		CF1F9D9822A9FF5D0076CDC8 /* Debug */ = {
			isa = XCBuildConfiguration;
			buildSettings = {
				ASSETCATALOG_COMPILER_APPICON_NAME = AppIcon;
				CODE_SIGN_STYLE = Automatic;
				DEVELOPMENT_TEAM = 76VDA98VQ3;
				INFOPLIST_FILE = TheFoodery/Info.plist;
				LD_RUNPATH_SEARCH_PATHS = (
					"$(inherited)",
					"@executable_path/Frameworks",
				);
				PRODUCT_BUNDLE_IDENTIFIER = picnic.TheFoodery;
				PRODUCT_NAME = "$(TARGET_NAME)";
				SWIFT_VERSION = 4.2;
				TARGETED_DEVICE_FAMILY = "1,2";
			};
			name = Debug;
		};
		CF1F9D9922A9FF5D0076CDC8 /* Release */ = {
			isa = XCBuildConfiguration;
			buildSettings = {
				ASSETCATALOG_COMPILER_APPICON_NAME = AppIcon;
				CODE_SIGN_STYLE = Automatic;
				DEVELOPMENT_TEAM = 76VDA98VQ3;
				INFOPLIST_FILE = TheFoodery/Info.plist;
				LD_RUNPATH_SEARCH_PATHS = (
					"$(inherited)",
					"@executable_path/Frameworks",
				);
				PRODUCT_BUNDLE_IDENTIFIER = picnic.TheFoodery;
				PRODUCT_NAME = "$(TARGET_NAME)";
				SWIFT_VERSION = 4.2;
				TARGETED_DEVICE_FAMILY = "1,2";
			};
			name = Release;
		};
/* End XCBuildConfiguration section */

/* Begin XCConfigurationList section */
		CF1F9D8022A9FF5B0076CDC8 /* Build configuration list for PBXProject "TheFoodery" */ = {
			isa = XCConfigurationList;
			buildConfigurations = (
				CF1F9D9522A9FF5D0076CDC8 /* Debug */,
				CF1F9D9622A9FF5D0076CDC8 /* Release */,
			);
			defaultConfigurationIsVisible = 0;
			defaultConfigurationName = Release;
		};
		CF1F9D9722A9FF5D0076CDC8 /* Build configuration list for PBXNativeTarget "TheFoodery" */ = {
			isa = XCConfigurationList;
			buildConfigurations = (
				CF1F9D9822A9FF5D0076CDC8 /* Debug */,
				CF1F9D9922A9FF5D0076CDC8 /* Release */,
			);
			defaultConfigurationIsVisible = 0;
			defaultConfigurationName = Release;
		};
/* End XCConfigurationList section */
	};
	rootObject = CF1F9D7D22A9FF5B0076CDC8 /* Project object */;
}
